
Microsoft Visual Studio Solution File, Format Version 12.00
# Visual Studio Version 16
VisualStudioVersion = 16.0.30114.105
MinimumVisualStudioVersion = 10.0.40219.1
Project("{FAE04EC0-301F-11D3-BF4B-00C04F79EFBC}") = "HelloWorld", "00_HelloWorld\HelloWorld.csproj", "{86AEBB80-D2DD-420A-B0E7-C99EDB6BCEC7}"
EndProject
Project("{FAE04EC0-301F-11D3-BF4B-00C04F79EFBC}") = "Variables", "01_Variables\Variables.csproj", "{DE0D13D5-8C7F-4203-856C-4EFB74BCD106}"
EndProject
Project("{FAE04EC0-301F-11D3-BF4B-00C04F79EFBC}") = "Types", "02_Types\Types.csproj", "{CEC8A17F-F313-43D6-A9C1-9A02AFA1B172}"
EndProject
Project("{FAE04EC0-301F-11D3-BF4B-00C04F79EFBC}") = "Opperators", "03_Opperators\Opperators.csproj", "{A836AD54-5C05-4E56-BB08-E83DBD6E321F}"
EndProject
Project("{FAE04EC0-301F-11D3-BF4B-00C04F79EFBC}") = "Strings", "04_Strings\Strings.csproj", "{706F1C60-025B-4C21-A824-4D012F44F217}"
EndProject
Project("{FAE04EC0-301F-11D3-BF4B-00C04F79EFBC}") = "Booleans", "05_Booleans\Booleans.csproj", "{112003CD-3B70-4B55-B2EE-5A4DF0CBAF7E}"
EndProject
Project("{2150E333-8FDC-42A3-9474-1A3956D46DE8}") = "06_Conditionals", "06_Conditionals", "{2BFF0791-44F7-49E0-97A2-E6B043E666DF}"
EndProject
Project("{FAE04EC0-301F-11D3-BF4B-00C04F79EFBC}") = "IfStatements", "06_Conditionals\IfStatements\IfStatements.csproj", "{27F3BB72-5B43-4804-8200-B918FB97DC68}"
EndProject
Project("{FAE04EC0-301F-11D3-BF4B-00C04F79EFBC}") = "Ternaries", "06_Conditionals\Ternaries\Ternaries.csproj", "{6AB14A72-4C6D-47D8-B3FA-AB290B729062}"
EndProject
Project("{FAE04EC0-301F-11D3-BF4B-00C04F79EFBC}") = "Switches", "06_Conditionals\Switches\Switches.csproj", "{518DBCA1-50F5-4EBF-9D15-67DA606D0BD9}"
EndProject
Project("{2150E333-8FDC-42A3-9474-1A3956D46DE8}") = "07_Loops", "07_Loops", "{161FCB64-0B9A-495F-97E4-EA02F92FD9A3}"
EndProject
Project("{FAE04EC0-301F-11D3-BF4B-00C04F79EFBC}") = "WhileLoops", "07_Loops\While\WhileLoops.csproj", "{15928081-DEBA-4014-AFC7-A1A790402B64}"
EndProject
Project("{FAE04EC0-301F-11D3-BF4B-00C04F79EFBC}") = "ForLoops", "07_Loops\For\ForLoops.csproj", "{293524E5-69B1-4FE6-9012-F59444CE9D59}"
EndProject
Global
	GlobalSection(SolutionConfigurationPlatforms) = preSolution
		Debug|Any CPU = Debug|Any CPU
		Release|Any CPU = Release|Any CPU
	EndGlobalSection
	GlobalSection(SolutionProperties) = preSolution
		HideSolutionNode = FALSE
	EndGlobalSection
	GlobalSection(ProjectConfigurationPlatforms) = postSolution
		{86AEBB80-D2DD-420A-B0E7-C99EDB6BCEC7}.Debug|Any CPU.ActiveCfg = Debug|Any CPU
		{86AEBB80-D2DD-420A-B0E7-C99EDB6BCEC7}.Debug|Any CPU.Build.0 = Debug|Any CPU
		{86AEBB80-D2DD-420A-B0E7-C99EDB6BCEC7}.Release|Any CPU.ActiveCfg = Release|Any CPU
		{86AEBB80-D2DD-420A-B0E7-C99EDB6BCEC7}.Release|Any CPU.Build.0 = Release|Any CPU
		{DE0D13D5-8C7F-4203-856C-4EFB74BCD106}.Debug|Any CPU.ActiveCfg = Debug|Any CPU
		{DE0D13D5-8C7F-4203-856C-4EFB74BCD106}.Debug|Any CPU.Build.0 = Debug|Any CPU
		{DE0D13D5-8C7F-4203-856C-4EFB74BCD106}.Release|Any CPU.ActiveCfg = Release|Any CPU
		{DE0D13D5-8C7F-4203-856C-4EFB74BCD106}.Release|Any CPU.Build.0 = Release|Any CPU
		{CEC8A17F-F313-43D6-A9C1-9A02AFA1B172}.Debug|Any CPU.ActiveCfg = Debug|Any CPU
		{CEC8A17F-F313-43D6-A9C1-9A02AFA1B172}.Debug|Any CPU.Build.0 = Debug|Any CPU
		{CEC8A17F-F313-43D6-A9C1-9A02AFA1B172}.Release|Any CPU.ActiveCfg = Release|Any CPU
		{CEC8A17F-F313-43D6-A9C1-9A02AFA1B172}.Release|Any CPU.Build.0 = Release|Any CPU
		{A836AD54-5C05-4E56-BB08-E83DBD6E321F}.Debug|Any CPU.ActiveCfg = Debug|Any CPU
		{A836AD54-5C05-4E56-BB08-E83DBD6E321F}.Debug|Any CPU.Build.0 = Debug|Any CPU
		{A836AD54-5C05-4E56-BB08-E83DBD6E321F}.Release|Any CPU.ActiveCfg = Release|Any CPU
		{A836AD54-5C05-4E56-BB08-E83DBD6E321F}.Release|Any CPU.Build.0 = Release|Any CPU
		{706F1C60-025B-4C21-A824-4D012F44F217}.Debug|Any CPU.ActiveCfg = Debug|Any CPU
		{706F1C60-025B-4C21-A824-4D012F44F217}.Debug|Any CPU.Build.0 = Debug|Any CPU
		{706F1C60-025B-4C21-A824-4D012F44F217}.Release|Any CPU.ActiveCfg = Release|Any CPU
		{706F1C60-025B-4C21-A824-4D012F44F217}.Release|Any CPU.Build.0 = Release|Any CPU
		{112003CD-3B70-4B55-B2EE-5A4DF0CBAF7E}.Debug|Any CPU.ActiveCfg = Debug|Any CPU
		{112003CD-3B70-4B55-B2EE-5A4DF0CBAF7E}.Debug|Any CPU.Build.0 = Debug|Any CPU
		{112003CD-3B70-4B55-B2EE-5A4DF0CBAF7E}.Release|Any CPU.ActiveCfg = Release|Any CPU
		{112003CD-3B70-4B55-B2EE-5A4DF0CBAF7E}.Release|Any CPU.Build.0 = Release|Any CPU
		{27F3BB72-5B43-4804-8200-B918FB97DC68}.Debug|Any CPU.ActiveCfg = Debug|Any CPU
		{27F3BB72-5B43-4804-8200-B918FB97DC68}.Debug|Any CPU.Build.0 = Debug|Any CPU
		{27F3BB72-5B43-4804-8200-B918FB97DC68}.Release|Any CPU.ActiveCfg = Release|Any CPU
		{27F3BB72-5B43-4804-8200-B918FB97DC68}.Release|Any CPU.Build.0 = Release|Any CPU
		{6AB14A72-4C6D-47D8-B3FA-AB290B729062}.Debug|Any CPU.ActiveCfg = Debug|Any CPU
		{6AB14A72-4C6D-47D8-B3FA-AB290B729062}.Debug|Any CPU.Build.0 = Debug|Any CPU
		{6AB14A72-4C6D-47D8-B3FA-AB290B729062}.Release|Any CPU.ActiveCfg = Release|Any CPU
		{6AB14A72-4C6D-47D8-B3FA-AB290B729062}.Release|Any CPU.Build.0 = Release|Any CPU
		{518DBCA1-50F5-4EBF-9D15-67DA606D0BD9}.Debug|Any CPU.ActiveCfg = Debug|Any CPU
		{518DBCA1-50F5-4EBF-9D15-67DA606D0BD9}.Debug|Any CPU.Build.0 = Debug|Any CPU
		{518DBCA1-50F5-4EBF-9D15-67DA606D0BD9}.Release|Any CPU.ActiveCfg = Release|Any CPU
		{518DBCA1-50F5-4EBF-9D15-67DA606D0BD9}.Release|Any CPU.Build.0 = Release|Any CPU
		{15928081-DEBA-4014-AFC7-A1A790402B64}.Debug|Any CPU.ActiveCfg = Debug|Any CPU
		{15928081-DEBA-4014-AFC7-A1A790402B64}.Debug|Any CPU.Build.0 = Debug|Any CPU
		{15928081-DEBA-4014-AFC7-A1A790402B64}.Release|Any CPU.ActiveCfg = Release|Any CPU
		{15928081-DEBA-4014-AFC7-A1A790402B64}.Release|Any CPU.Build.0 = Release|Any CPU
		{293524E5-69B1-4FE6-9012-F59444CE9D59}.Debug|Any CPU.ActiveCfg = Debug|Any CPU
		{293524E5-69B1-4FE6-9012-F59444CE9D59}.Debug|Any CPU.Build.0 = Debug|Any CPU
		{293524E5-69B1-4FE6-9012-F59444CE9D59}.Release|Any CPU.ActiveCfg = Release|Any CPU
		{293524E5-69B1-4FE6-9012-F59444CE9D59}.Release|Any CPU.Build.0 = Release|Any CPU
	EndGlobalSection
	GlobalSection(NestedProjects) = preSolution
		{27F3BB72-5B43-4804-8200-B918FB97DC68} = {2BFF0791-44F7-49E0-97A2-E6B043E666DF}
		{6AB14A72-4C6D-47D8-B3FA-AB290B729062} = {2BFF0791-44F7-49E0-97A2-E6B043E666DF}
		{518DBCA1-50F5-4EBF-9D15-67DA606D0BD9} = {2BFF0791-44F7-49E0-97A2-E6B043E666DF}
		{15928081-DEBA-4014-AFC7-A1A790402B64} = {161FCB64-0B9A-495F-97E4-EA02F92FD9A3}
		{293524E5-69B1-4FE6-9012-F59444CE9D59} = {161FCB64-0B9A-495F-97E4-EA02F92FD9A3}
	EndGlobalSection
EndGlobal
